# This file is automatically @generated by Cargo.
# It is not intended for manual editing.
version = 3

[[package]]
name = "allocation"
version = "0.1.0"
source = "git+https://github.com/corthon/mu_rust.git?branch=personal/brbarkel/secure_boot_manager2#6384622f5f27ad1803ece7f634caf779774b2fda"
dependencies = [
 "panic",
 "r-efi",
]

[[package]]
name = "cfg-if"
version = "1.0.0"
source = "registry+https://github.com/rust-lang/crates.io-index"
checksum = "baf1de4339761588bc0619e3cbc0120ee582ebb74b53b4efbf79117bd2da40fd"

[[package]]
name = "log"
version = "0.4.14"
source = "registry+https://github.com/rust-lang/crates.io-index"
checksum = "51b9bbe6c47d51fc3e1a9b945965946b4c44142ab8792c50835a980d362c2710"
dependencies = [
 "cfg-if",
]

[[package]]
name = "mu-rust-ex"
version = "0.0.1"
dependencies = [
 "r-efi",
 "string",
 "uefi",
]

[[package]]
name = "panic"
version = "0.1.0"

[[package]]
name = "r-efi"
version = "4.0.0"
source = "registry+https://github.com/rust-lang/crates.io-index"
checksum = "6c4257a6ffb364d7f938c0311733a793327639b3d34c0b4af0b3bb775ef3e1b8"

[[package]]
name = "secure-boot-manager"
version = "0.1.0"
dependencies = [
 "allocation",
 "mu-rust-ex",
 "r-efi",
 "string",
 "uefi",
]

[[package]]
name = "string"
version = "0.1.0"
source = "git+https://github.com/corthon/mu_rust.git?branch=personal/brbarkel/secure_boot_manager2#6384622f5f27ad1803ece7f634caf779774b2fda"

[[package]]
name = "uefi"
version = "0.1.0"
source = "git+https://github.com/corthon/mu_rust.git?branch=personal/brbarkel/secure_boot_manager2#6384622f5f27ad1803ece7f634caf779774b2fda"
dependencies = [
 "log",
 "r-efi",
 "string",
]
