# This file is automatically @generated by Cargo.
# It is not intended for manual editing.
[[package]]
name = "allocation"
version = "0.1.0"
source = "git+https://github.com/microsoft/mu_rust.git?branch=personal/brbarkel/secure_boot_manager#62300eeca595e84b6ced450a4aefcec841de4068"
dependencies = [
 "our-efi",
 "panic",
]

[[package]]
name = "bit_field"
version = "0.9.0"
source = "registry+https://github.com/rust-lang/crates.io-index"
checksum = "ed8765909f9009617974ab6b7d332625b320b33c326b1e9321382ef1999b5d56"

[[package]]
name = "bitflags"
version = "1.2.1"
source = "registry+https://github.com/rust-lang/crates.io-index"
checksum = "cf1de2fe8c75bc145a2f577add951f8134889b4795d47466a54a5c846d691693"

[[package]]
name = "cfg-if"
version = "0.1.10"
source = "registry+https://github.com/rust-lang/crates.io-index"
checksum = "4785bdd1c96b2a846b2bd7cc02e86b6b3dbf14e7e53446c4f54c92a361040822"

[[package]]
name = "log"
version = "0.4.11"
source = "registry+https://github.com/rust-lang/crates.io-index"
checksum = "4fabed175da42fed1fa0746b0ea71f412aa9d35e76e95e59b192c64b9dc2bf8b"
dependencies = [
 "cfg-if",
]

[[package]]
name = "our-efi"
version = "3.0.0"
source = "git+https://github.com/microsoft/mu_rust.git?branch=personal/brbarkel/secure_boot_manager#62300eeca595e84b6ced450a4aefcec841de4068"

[[package]]
name = "panic"
version = "0.1.0"
source = "git+https://github.com/microsoft/mu_rust.git?branch=personal/brbarkel/secure_boot_manager#62300eeca595e84b6ced450a4aefcec841de4068"

[[package]]
name = "secure-boot-manager"
version = "0.1.0"
dependencies = [
 "allocation",
 "our-efi",
 "panic",
 "string",
 "uefi",
 "x86_64",
]

[[package]]
name = "string"
version = "0.1.0"
source = "git+https://github.com/microsoft/mu_rust.git?branch=personal/brbarkel/secure_boot_manager#62300eeca595e84b6ced450a4aefcec841de4068"

[[package]]
name = "uefi"
version = "0.1.0"
source = "git+https://github.com/microsoft/mu_rust.git?branch=personal/brbarkel/secure_boot_manager#62300eeca595e84b6ced450a4aefcec841de4068"
dependencies = [
 "log",
 "our-efi",
 "string",
]

[[package]]
name = "x86_64"
version = "0.11.5"
source = "registry+https://github.com/rust-lang/crates.io-index"
checksum = "7c6e9604d08cf91ba0e5cc2175e8cbbdeeb2b8230b818fd9052604c4c5ffd620"
dependencies = [
 "bit_field",
 "bitflags",
]
