# This file is automatically @generated by Cargo.
# It is not intended for manual editing.
[[package]]
name = "allocation"
version = "0.1.0"
source = "git+https://github.com/microsoft/mu_rust.git?branch=personal/brbarkel/secure_boot_manager2#802b7cd93ef65ecb6ef8ad38254fb084b33b34b0"
dependencies = [
 "panic",
 "r-efi",
]

[[package]]
name = "cfg-if"
version = "0.1.10"
source = "registry+https://github.com/rust-lang/crates.io-index"
checksum = "4785bdd1c96b2a846b2bd7cc02e86b6b3dbf14e7e53446c4f54c92a361040822"

[[package]]
name = "log"
version = "0.4.11"
source = "registry+https://github.com/rust-lang/crates.io-index"
checksum = "4fabed175da42fed1fa0746b0ea71f412aa9d35e76e95e59b192c64b9dc2bf8b"
dependencies = [
 "cfg-if",
]

[[package]]
name = "panic"
version = "0.1.0"
source = "git+https://github.com/microsoft/mu_rust.git?branch=personal/brbarkel/secure_boot_manager2#802b7cd93ef65ecb6ef8ad38254fb084b33b34b0"

[[package]]
name = "r-efi"
version = "3.1.0"
source = "registry+https://github.com/rust-lang/crates.io-index"
checksum = "6eaab81f2b90c518541382de3e3a0689a0426d0798d0fdef56f3df69636e83dd"

[[package]]
name = "secure-boot-manager"
version = "0.1.0"
dependencies = [
 "allocation",
 "panic",
 "r-efi",
 "string",
 "uefi",
]

[[package]]
name = "string"
version = "0.1.0"
source = "git+https://github.com/microsoft/mu_rust.git?branch=personal/brbarkel/secure_boot_manager2#802b7cd93ef65ecb6ef8ad38254fb084b33b34b0"

[[package]]
name = "uefi"
version = "0.1.0"
source = "git+https://github.com/microsoft/mu_rust.git?branch=personal/brbarkel/secure_boot_manager2#802b7cd93ef65ecb6ef8ad38254fb084b33b34b0"
dependencies = [
 "log",
 "r-efi",
 "string",
]
